// !$*UTF8*$!
{
	archiveVersion = 1;
	classes = {
	};
	objectVersion = 56;
	objects = {

/* Begin PBXBuildFile section */
		630CE8852B22056900C93E74 /* MemoryGameModel.swift in Sources */ = {isa = PBXBuildFile; fileRef = 630CE8842B22056900C93E74 /* MemoryGameModel.swift */; };
		630CE8872B22058600C93E74 /* MemoryGameViewModel.swift in Sources */ = {isa = PBXBuildFile; fileRef = 630CE8862B22058600C93E74 /* MemoryGameViewModel.swift */; };
		6318C8542B17B983002C5803 /* MemorizeApp.swift in Sources */ = {isa = PBXBuildFile; fileRef = 6318C8532B17B983002C5803 /* MemorizeApp.swift */; };
		6318C8562B17B983002C5803 /* MemoryGameView.swift in Sources */ = {isa = PBXBuildFile; fileRef = 6318C8552B17B983002C5803 /* MemoryGameView.swift */; };
		6318C8582B17B984002C5803 /* Assets.xcassets in Resources */ = {isa = PBXBuildFile; fileRef = 6318C8572B17B984002C5803 /* Assets.xcassets */; };
		6318C85C2B17B984002C5803 /* Preview Assets.xcassets in Resources */ = {isa = PBXBuildFile; fileRef = 6318C85B2B17B984002C5803 /* Preview Assets.xcassets */; };
		6318C8662B17B984002C5803 /* MemorizeTests.swift in Sources */ = {isa = PBXBuildFile; fileRef = 6318C8652B17B984002C5803 /* MemorizeTests.swift */; };
		6318C8702B17B984002C5803 /* MemorizeUITests.swift in Sources */ = {isa = PBXBuildFile; fileRef = 6318C86F2B17B984002C5803 /* MemorizeUITests.swift */; };
		6318C8722B17B984002C5803 /* MemorizeUITestsLaunchTests.swift in Sources */ = {isa = PBXBuildFile; fileRef = 6318C8712B17B984002C5803 /* MemorizeUITestsLaunchTests.swift */; };
		63892C052B5990300016C3E1 /* Cardify.swift in Sources */ = {isa = PBXBuildFile; fileRef = 63892C042B5990300016C3E1 /* Cardify.swift */; };
		63892C072B5ABA250016C3E1 /* FlyingNumbers.swift in Sources */ = {isa = PBXBuildFile; fileRef = 63892C062B5ABA250016C3E1 /* FlyingNumbers.swift */; };
		63892C422B6157D00016C3E1 /* AspectVGrid.swift in Sources */ = {isa = PBXBuildFile; fileRef = 63892C412B6157D00016C3E1 /* AspectVGrid.swift */; };
		638A61AA2B888D250017CE2A /* Emoji.swift in Sources */ = {isa = PBXBuildFile; fileRef = 638A61A92B888D250017CE2A /* Emoji.swift */; };
		638A61AC2B888FAF0017CE2A /* EmojiDocument.swift in Sources */ = {isa = PBXBuildFile; fileRef = 638A61AB2B888FAF0017CE2A /* EmojiDocument.swift */; };
		638A61AE2B88AC3B0017CE2A /* EmojiChooserView.swift in Sources */ = {isa = PBXBuildFile; fileRef = 638A61AD2B88AC3B0017CE2A /* EmojiChooserView.swift */; };
		638A61E72B8FAC080017CE2A /* ThemeEditor.swift in Sources */ = {isa = PBXBuildFile; fileRef = 638A61E62B8FAC080017CE2A /* ThemeEditor.swift */; };
/* End PBXBuildFile section */

/* Begin PBXContainerItemProxy section */
		6318C8622B17B984002C5803 /* PBXContainerItemProxy */ = {
			isa = PBXContainerItemProxy;
			containerPortal = 6318C8482B17B983002C5803 /* Project object */;
			proxyType = 1;
			remoteGlobalIDString = 6318C84F2B17B983002C5803;
			remoteInfo = Memorize;
		};
		6318C86C2B17B984002C5803 /* PBXContainerItemProxy */ = {
			isa = PBXContainerItemProxy;
			containerPortal = 6318C8482B17B983002C5803 /* Project object */;
			proxyType = 1;
			remoteGlobalIDString = 6318C84F2B17B983002C5803;
			remoteInfo = Memorize;
		};
/* End PBXContainerItemProxy section */

/* Begin PBXFileReference section */
		630CE8842B22056900C93E74 /* MemoryGameModel.swift */ = {isa = PBXFileReference; lastKnownFileType = sourcecode.swift; path = MemoryGameModel.swift; sourceTree = "<group>"; };
		630CE8862B22058600C93E74 /* MemoryGameViewModel.swift */ = {isa = PBXFileReference; lastKnownFileType = sourcecode.swift; path = MemoryGameViewModel.swift; sourceTree = "<group>"; };
		6318C8502B17B983002C5803 /* Memorize.app */ = {isa = PBXFileReference; explicitFileType = wrapper.application; includeInIndex = 0; path = Memorize.app; sourceTree = BUILT_PRODUCTS_DIR; };
		6318C8532B17B983002C5803 /* MemorizeApp.swift */ = {isa = PBXFileReference; lastKnownFileType = sourcecode.swift; path = MemorizeApp.swift; sourceTree = "<group>"; };
		6318C8552B17B983002C5803 /* MemoryGameView.swift */ = {isa = PBXFileReference; lastKnownFileType = sourcecode.swift; path = MemoryGameView.swift; sourceTree = "<group>"; };
		6318C8572B17B984002C5803 /* Assets.xcassets */ = {isa = PBXFileReference; lastKnownFileType = folder.assetcatalog; path = Assets.xcassets; sourceTree = "<group>"; };
		6318C8592B17B984002C5803 /* Memorize.entitlements */ = {isa = PBXFileReference; lastKnownFileType = text.plist.entitlements; path = Memorize.entitlements; sourceTree = "<group>"; };
		6318C85B2B17B984002C5803 /* Preview Assets.xcassets */ = {isa = PBXFileReference; lastKnownFileType = folder.assetcatalog; path = "Preview Assets.xcassets"; sourceTree = "<group>"; };
		6318C8612B17B984002C5803 /* MemorizeTests.xctest */ = {isa = PBXFileReference; explicitFileType = wrapper.cfbundle; includeInIndex = 0; path = MemorizeTests.xctest; sourceTree = BUILT_PRODUCTS_DIR; };
		6318C8652B17B984002C5803 /* MemorizeTests.swift */ = {isa = PBXFileReference; lastKnownFileType = sourcecode.swift; path = MemorizeTests.swift; sourceTree = "<group>"; };
		6318C86B2B17B984002C5803 /* MemorizeUITests.xctest */ = {isa = PBXFileReference; explicitFileType = wrapper.cfbundle; includeInIndex = 0; path = MemorizeUITests.xctest; sourceTree = BUILT_PRODUCTS_DIR; };
		6318C86F2B17B984002C5803 /* MemorizeUITests.swift */ = {isa = PBXFileReference; lastKnownFileType = sourcecode.swift; path = MemorizeUITests.swift; sourceTree = "<group>"; };
		6318C8712B17B984002C5803 /* MemorizeUITestsLaunchTests.swift */ = {isa = PBXFileReference; lastKnownFileType = sourcecode.swift; path = MemorizeUITestsLaunchTests.swift; sourceTree = "<group>"; };
		63892C042B5990300016C3E1 /* Cardify.swift */ = {isa = PBXFileReference; lastKnownFileType = sourcecode.swift; path = Cardify.swift; sourceTree = "<group>"; };
		63892C062B5ABA250016C3E1 /* FlyingNumbers.swift */ = {isa = PBXFileReference; lastKnownFileType = sourcecode.swift; path = FlyingNumbers.swift; sourceTree = "<group>"; };
		63892C412B6157D00016C3E1 /* AspectVGrid.swift */ = {isa = PBXFileReference; lastKnownFileType = sourcecode.swift; path = AspectVGrid.swift; sourceTree = "<group>"; };
		638A61A92B888D250017CE2A /* Emoji.swift */ = {isa = PBXFileReference; lastKnownFileType = sourcecode.swift; path = Emoji.swift; sourceTree = "<group>"; };
		638A61AB2B888FAF0017CE2A /* EmojiDocument.swift */ = {isa = PBXFileReference; lastKnownFileType = sourcecode.swift; path = EmojiDocument.swift; sourceTree = "<group>"; };
		638A61AD2B88AC3B0017CE2A /* EmojiChooserView.swift */ = {isa = PBXFileReference; lastKnownFileType = sourcecode.swift; path = EmojiChooserView.swift; sourceTree = "<group>"; };
		638A61E62B8FAC080017CE2A /* ThemeEditor.swift */ = {isa = PBXFileReference; lastKnownFileType = sourcecode.swift; path = ThemeEditor.swift; sourceTree = "<group>"; };
/* End PBXFileReference section */

/* Begin PBXFrameworksBuildPhase section */
		6318C84D2B17B983002C5803 /* Frameworks */ = {
			isa = PBXFrameworksBuildPhase;
			buildActionMask = 2147483647;
			files = (
			);
			runOnlyForDeploymentPostprocessing = 0;
		};
		6318C85E2B17B984002C5803 /* Frameworks */ = {
			isa = PBXFrameworksBuildPhase;
			buildActionMask = 2147483647;
			files = (
			);
			runOnlyForDeploymentPostprocessing = 0;
		};
		6318C8682B17B984002C5803 /* Frameworks */ = {
			isa = PBXFrameworksBuildPhase;
			buildActionMask = 2147483647;
			files = (
			);
			runOnlyForDeploymentPostprocessing = 0;
		};
/* End PBXFrameworksBuildPhase section */

/* Begin PBXGroup section */
		6318C8472B17B983002C5803 = {
			isa = PBXGroup;
			children = (
				6318C8522B17B983002C5803 /* Memorize */,
				6318C8642B17B984002C5803 /* MemorizeTests */,
				6318C86E2B17B984002C5803 /* MemorizeUITests */,
				6318C8512B17B983002C5803 /* Products */,
			);
			sourceTree = "<group>";
		};
		6318C8512B17B983002C5803 /* Products */ = {
			isa = PBXGroup;
			children = (
				6318C8502B17B983002C5803 /* Memorize.app */,
				6318C8612B17B984002C5803 /* MemorizeTests.xctest */,
				6318C86B2B17B984002C5803 /* MemorizeUITests.xctest */,
			);
			name = Products;
			sourceTree = "<group>";
		};
		6318C8522B17B983002C5803 /* Memorize */ = {
			isa = PBXGroup;
			children = (
				6318C8532B17B983002C5803 /* MemorizeApp.swift */,
				638A61A82B888C170017CE2A /* EmojiTheme */,
				638A61A62B888BB80017CE2A /* MemorizeGame */,
				6318C8572B17B984002C5803 /* Assets.xcassets */,
				6318C8592B17B984002C5803 /* Memorize.entitlements */,
				6318C85A2B17B984002C5803 /* Preview Content */,
			);
			path = Memorize;
			sourceTree = "<group>";
		};
		6318C85A2B17B984002C5803 /* Preview Content */ = {
			isa = PBXGroup;
			children = (
				6318C85B2B17B984002C5803 /* Preview Assets.xcassets */,
			);
			path = "Preview Content";
			sourceTree = "<group>";
		};
		6318C8642B17B984002C5803 /* MemorizeTests */ = {
			isa = PBXGroup;
			children = (
				6318C8652B17B984002C5803 /* MemorizeTests.swift */,
			);
			path = MemorizeTests;
			sourceTree = "<group>";
		};
		6318C86E2B17B984002C5803 /* MemorizeUITests */ = {
			isa = PBXGroup;
			children = (
				6318C86F2B17B984002C5803 /* MemorizeUITests.swift */,
				6318C8712B17B984002C5803 /* MemorizeUITestsLaunchTests.swift */,
			);
			path = MemorizeUITests;
			sourceTree = "<group>";
		};
		638A61A62B888BB80017CE2A /* MemorizeGame */ = {
			isa = PBXGroup;
			children = (
				630CE8842B22056900C93E74 /* MemoryGameModel.swift */,
				630CE8862B22058600C93E74 /* MemoryGameViewModel.swift */,
				6318C8552B17B983002C5803 /* MemoryGameView.swift */,
				638A61A72B888BDB0017CE2A /* Utility */,
			);
			path = MemorizeGame;
			sourceTree = "<group>";
		};
		638A61A72B888BDB0017CE2A /* Utility */ = {
			isa = PBXGroup;
			children = (
				63892C412B6157D00016C3E1 /* AspectVGrid.swift */,
				63892C062B5ABA250016C3E1 /* FlyingNumbers.swift */,
				63892C042B5990300016C3E1 /* Cardify.swift */,
			);
			path = Utility;
			sourceTree = "<group>";
		};
		638A61A82B888C170017CE2A /* EmojiTheme */ = {
			isa = PBXGroup;
			children = (
				638A61A92B888D250017CE2A /* Emoji.swift */,
				638A61AB2B888FAF0017CE2A /* EmojiDocument.swift */,
				638A61AD2B88AC3B0017CE2A /* EmojiChooserView.swift */,
				638A61E62B8FAC080017CE2A /* ThemeEditor.swift */,
			);
			path = EmojiTheme;
			sourceTree = "<group>";
		};
/* End PBXGroup section */

/* Begin PBXNativeTarget section */
		6318C84F2B17B983002C5803 /* Memorize */ = {
			isa = PBXNativeTarget;
			buildConfigurationList = 6318C8752B17B984002C5803 /* Build configuration list for PBXNativeTarget "Memorize" */;
			buildPhases = (
				6318C84C2B17B983002C5803 /* Sources */,
				6318C84D2B17B983002C5803 /* Frameworks */,
				6318C84E2B17B983002C5803 /* Resources */,
			);
			buildRules = (
			);
			dependencies = (
			);
			name = Memorize;
			productName = Memorize;
			productReference = 6318C8502B17B983002C5803 /* Memorize.app */;
			productType = "com.apple.product-type.application";
		};
		6318C8602B17B984002C5803 /* MemorizeTests */ = {
			isa = PBXNativeTarget;
			buildConfigurationList = 6318C8782B17B984002C5803 /* Build configuration list for PBXNativeTarget "MemorizeTests" */;
			buildPhases = (
				6318C85D2B17B984002C5803 /* Sources */,
				6318C85E2B17B984002C5803 /* Frameworks */,
				6318C85F2B17B984002C5803 /* Resources */,
			);
			buildRules = (
			);
			dependencies = (
				6318C8632B17B984002C5803 /* PBXTargetDependency */,
			);
			name = MemorizeTests;
			productName = MemorizeTests;
			productReference = 6318C8612B17B984002C5803 /* MemorizeTests.xctest */;
			productType = "com.apple.product-type.bundle.unit-test";
		};
		6318C86A2B17B984002C5803 /* MemorizeUITests */ = {
			isa = PBXNativeTarget;
			buildConfigurationList = 6318C87B2B17B984002C5803 /* Build configuration list for PBXNativeTarget "MemorizeUITests" */;
			buildPhases = (
				6318C8672B17B984002C5803 /* Sources */,
				6318C8682B17B984002C5803 /* Frameworks */,
				6318C8692B17B984002C5803 /* Resources */,
			);
			buildRules = (
			);
			dependencies = (
				6318C86D2B17B984002C5803 /* PBXTargetDependency */,
			);
			name = MemorizeUITests;
			productName = MemorizeUITests;
			productReference = 6318C86B2B17B984002C5803 /* MemorizeUITests.xctest */;
			productType = "com.apple.product-type.bundle.ui-testing";
		};
/* End PBXNativeTarget section */

/* Begin PBXProject section */
		6318C8482B17B983002C5803 /* Project object */ = {
			isa = PBXProject;
			attributes = {
				BuildIndependentTargetsInParallel = 1;
				LastSwiftUpdateCheck = 1500;
				LastUpgradeCheck = 1500;
				TargetAttributes = {
					6318C84F2B17B983002C5803 = {
						CreatedOnToolsVersion = 15.0.1;
					};
					6318C8602B17B984002C5803 = {
						CreatedOnToolsVersion = 15.0.1;
						TestTargetID = 6318C84F2B17B983002C5803;
					};
					6318C86A2B17B984002C5803 = {
						CreatedOnToolsVersion = 15.0.1;
						TestTargetID = 6318C84F2B17B983002C5803;
					};
				};
			};
			buildConfigurationList = 6318C84B2B17B983002C5803 /* Build configuration list for PBXProject "Memorize" */;
			compatibilityVersion = "Xcode 14.0";
			developmentRegion = en;
			hasScannedForEncodings = 0;
			knownRegions = (
				en,
				Base,
			);
			mainGroup = 6318C8472B17B983002C5803;
			productRefGroup = 6318C8512B17B983002C5803 /* Products */;
			projectDirPath = "";
			projectRoot = "";
			targets = (
				6318C84F2B17B983002C5803 /* Memorize */,
				6318C8602B17B984002C5803 /* MemorizeTests */,
				6318C86A2B17B984002C5803 /* MemorizeUITests */,
			);
		};
/* End PBXProject section */

/* Begin PBXResourcesBuildPhase section */
		6318C84E2B17B983002C5803 /* Resources */ = {
			isa = PBXResourcesBuildPhase;
			buildActionMask = 2147483647;
			files = (
				6318C85C2B17B984002C5803 /* Preview Assets.xcassets in Resources */,
				6318C8582B17B984002C5803 /* Assets.xcassets in Resources */,
			);
			runOnlyForDeploymentPostprocessing = 0;
		};
		6318C85F2B17B984002C5803 /* Resources */ = {
			isa = PBXResourcesBuildPhase;
			buildActionMask = 2147483647;
			files = (
			);
			runOnlyForDeploymentPostprocessing = 0;
		};
		6318C8692B17B984002C5803 /* Resources */ = {
			isa = PBXResourcesBuildPhase;
			buildActionMask = 2147483647;
			files = (
			);
			runOnlyForDeploymentPostprocessing = 0;
		};
/* End PBXResourcesBuildPhase section */

/* Begin PBXSourcesBuildPhase section */
		6318C84C2B17B983002C5803 /* Sources */ = {
			isa = PBXSourcesBuildPhase;
			buildActionMask = 2147483647;
			files = (
				6318C8562B17B983002C5803 /* MemoryGameView.swift in Sources */,
				6318C8542B17B983002C5803 /* MemorizeApp.swift in Sources */,
				638A61AA2B888D250017CE2A /* Emoji.swift in Sources */,
				63892C422B6157D00016C3E1 /* AspectVGrid.swift in Sources */,
				630CE8852B22056900C93E74 /* MemoryGameModel.swift in Sources */,
				638A61E72B8FAC080017CE2A /* ThemeEditor.swift in Sources */,
				638A61AE2B88AC3B0017CE2A /* EmojiChooserView.swift in Sources */,
				63892C052B5990300016C3E1 /* Cardify.swift in Sources */,
				630CE8872B22058600C93E74 /* MemoryGameViewModel.swift in Sources */,
				63892C072B5ABA250016C3E1 /* FlyingNumbers.swift in Sources */,
				638A61AC2B888FAF0017CE2A /* EmojiDocument.swift in Sources */,
			);
			runOnlyForDeploymentPostprocessing = 0;
		};
		6318C85D2B17B984002C5803 /* Sources */ = {
			isa = PBXSourcesBuildPhase;
			buildActionMask = 2147483647;
			files = (
				6318C8662B17B984002C5803 /* MemorizeTests.swift in Sources */,
			);
			runOnlyForDeploymentPostprocessing = 0;
		};
		6318C8672B17B984002C5803 /* Sources */ = {
			isa = PBXSourcesBuildPhase;
			buildActionMask = 2147483647;
			files = (
				6318C8722B17B984002C5803 /* MemorizeUITestsLaunchTests.swift in Sources */,
				6318C8702B17B984002C5803 /* MemorizeUITests.swift in Sources */,
			);
			runOnlyForDeploymentPostprocessing = 0;
		};
/* End PBXSourcesBuildPhase section */

/* Begin PBXTargetDependency section */
		6318C8632B17B984002C5803 /* PBXTargetDependency */ = {
			isa = PBXTargetDependency;
			target = 6318C84F2B17B983002C5803 /* Memorize */;
			targetProxy = 6318C8622B17B984002C5803 /* PBXContainerItemProxy */;
		};
		6318C86D2B17B984002C5803 /* PBXTargetDependency */ = {
			isa = PBXTargetDependency;
			target = 6318C84F2B17B983002C5803 /* Memorize */;
			targetProxy = 6318C86C2B17B984002C5803 /* PBXContainerItemProxy */;
		};
/* End PBXTargetDependency section */

/* Begin XCBuildConfiguration section */
		6318C8732B17B984002C5803 /* Debug */ = {
			isa = XCBuildConfiguration;
			buildSettings = {
				ALWAYS_SEARCH_USER_PATHS = NO;
				ASSETCATALOG_COMPILER_GENERATE_SWIFT_ASSET_SYMBOL_EXTENSIONS = YES;
				CLANG_ANALYZER_NONNULL = YES;
				CLANG_ANALYZER_NUMBER_OBJECT_CONVERSION = YES_AGGRESSIVE;
				CLANG_CXX_LANGUAGE_STANDARD = "gnu++20";
				CLANG_ENABLE_MODULES = YES;
				CLANG_ENABLE_OBJC_ARC = YES;
				CLANG_ENABLE_OBJC_WEAK = YES;
				CLANG_WARN_BLOCK_CAPTURE_AUTORELEASING = YES;
				CLANG_WARN_BOOL_CONVERSION = YES;
				CLANG_WARN_COMMA = YES;
				CLANG_WARN_CONSTANT_CONVERSION = YES;
				CLANG_WARN_DEPRECATED_OBJC_IMPLEMENTATIONS = YES;
				CLANG_WARN_DIRECT_OBJC_ISA_USAGE = YES_ERROR;
				CLANG_WARN_DOCUMENTATION_COMMENTS = YES;
				CLANG_WARN_EMPTY_BODY = YES;
				CLANG_WARN_ENUM_CONVERSION = YES;
				CLANG_WARN_INFINITE_RECURSION = YES;
				CLANG_WARN_INT_CONVERSION = YES;
				CLANG_WARN_NON_LITERAL_NULL_CONVERSION = YES;
				CLANG_WARN_OBJC_IMPLICIT_RETAIN_SELF = YES;
				CLANG_WARN_OBJC_LITERAL_CONVERSION = YES;
				CLANG_WARN_OBJC_ROOT_CLASS = YES_ERROR;
				CLANG_WARN_QUOTED_INCLUDE_IN_FRAMEWORK_HEADER = YES;
				CLANG_WARN_RANGE_LOOP_ANALYSIS = YES;
				CLANG_WARN_STRICT_PROTOTYPES = YES;
				CLANG_WARN_SUSPICIOUS_MOVE = YES;
				CLANG_WARN_UNGUARDED_AVAILABILITY = YES_AGGRESSIVE;
				CLANG_WARN_UNREACHABLE_CODE = YES;
				CLANG_WARN__DUPLICATE_METHOD_MATCH = YES;
				COPY_PHASE_STRIP = NO;
				DEBUG_INFORMATION_FORMAT = dwarf;
				ENABLE_STRICT_OBJC_MSGSEND = YES;
				ENABLE_TESTABILITY = YES;
				ENABLE_USER_SCRIPT_SANDBOXING = YES;
				GCC_C_LANGUAGE_STANDARD = gnu17;
				GCC_DYNAMIC_NO_PIC = NO;
				GCC_NO_COMMON_BLOCKS = YES;
				GCC_OPTIMIZATION_LEVEL = 0;
				GCC_PREPROCESSOR_DEFINITIONS = (
					"DEBUG=1",
					"$(inherited)",
				);
				GCC_WARN_64_TO_32_BIT_CONVERSION = YES;
				GCC_WARN_ABOUT_RETURN_TYPE = YES_ERROR;
				GCC_WARN_UNDECLARED_SELECTOR = YES;
				GCC_WARN_UNINITIALIZED_AUTOS = YES_AGGRESSIVE;
				GCC_WARN_UNUSED_FUNCTION = YES;
				GCC_WARN_UNUSED_VARIABLE = YES;
				LOCALIZATION_PREFERS_STRING_CATALOGS = YES;
				MTL_ENABLE_DEBUG_INFO = INCLUDE_SOURCE;
				MTL_FAST_MATH = YES;
				ONLY_ACTIVE_ARCH = YES;
				SWIFT_ACTIVE_COMPILATION_CONDITIONS = "DEBUG $(inherited)";
				SWIFT_OPTIMIZATION_LEVEL = "-Onone";
			};
			name = Debug;
		};
		6318C8742B17B984002C5803 /* Release */ = {
			isa = XCBuildConfiguration;
			buildSettings = {
				ALWAYS_SEARCH_USER_PATHS = NO;
				ASSETCATALOG_COMPILER_GENERATE_SWIFT_ASSET_SYMBOL_EXTENSIONS = YES;
				CLANG_ANALYZER_NONNULL = YES;
				CLANG_ANALYZER_NUMBER_OBJECT_CONVERSION = YES_AGGRESSIVE;
				CLANG_CXX_LANGUAGE_STANDARD = "gnu++20";
				CLANG_ENABLE_MODULES = YES;
				CLANG_ENABLE_OBJC_ARC = YES;
				CLANG_ENABLE_OBJC_WEAK = YES;
				CLANG_WARN_BLOCK_CAPTURE_AUTORELEASING = YES;
				CLANG_WARN_BOOL_CONVERSION = YES;
				CLANG_WARN_COMMA = YES;
				CLANG_WARN_CONSTANT_CONVERSION = YES;
				CLANG_WARN_DEPRECATED_OBJC_IMPLEMENTATIONS = YES;
				CLANG_WARN_DIRECT_OBJC_ISA_USAGE = YES_ERROR;
				CLANG_WARN_DOCUMENTATION_COMMENTS = YES;
				CLANG_WARN_EMPTY_BODY = YES;
				CLANG_WARN_ENUM_CONVERSION = YES;
				CLANG_WARN_INFINITE_RECURSION = YES;
				CLANG_WARN_INT_CONVERSION = YES;
				CLANG_WARN_NON_LITERAL_NULL_CONVERSION = YES;
				CLANG_WARN_OBJC_IMPLICIT_RETAIN_SELF = YES;
				CLANG_WARN_OBJC_LITERAL_CONVERSION = YES;
				CLANG_WARN_OBJC_ROOT_CLASS = YES_ERROR;
				CLANG_WARN_QUOTED_INCLUDE_IN_FRAMEWORK_HEADER = YES;
				CLANG_WARN_RANGE_LOOP_ANALYSIS = YES;
				CLANG_WARN_STRICT_PROTOTYPES = YES;
				CLANG_WARN_SUSPICIOUS_MOVE = YES;
				CLANG_WARN_UNGUARDED_AVAILABILITY = YES_AGGRESSIVE;
				CLANG_WARN_UNREACHABLE_CODE = YES;
				CLANG_WARN__DUPLICATE_METHOD_MATCH = YES;
				COPY_PHASE_STRIP = NO;
				DEBUG_INFORMATION_FORMAT = "dwarf-with-dsym";
				ENABLE_NS_ASSERTIONS = NO;
				ENABLE_STRICT_OBJC_MSGSEND = YES;
				ENABLE_USER_SCRIPT_SANDBOXING = YES;
				GCC_C_LANGUAGE_STANDARD = gnu17;
				GCC_NO_COMMON_BLOCKS = YES;
				GCC_WARN_64_TO_32_BIT_CONVERSION = YES;
				GCC_WARN_ABOUT_RETURN_TYPE = YES_ERROR;
				GCC_WARN_UNDECLARED_SELECTOR = YES;
				GCC_WARN_UNINITIALIZED_AUTOS = YES_AGGRESSIVE;
				GCC_WARN_UNUSED_FUNCTION = YES;
				GCC_WARN_UNUSED_VARIABLE = YES;
				LOCALIZATION_PREFERS_STRING_CATALOGS = YES;
				MTL_ENABLE_DEBUG_INFO = NO;
				MTL_FAST_MATH = YES;
				SWIFT_COMPILATION_MODE = wholemodule;
			};
			name = Release;
		};
		6318C8762B17B984002C5803 /* Debug */ = {
			isa = XCBuildConfiguration;
			buildSettings = {
				ASSETCATALOG_COMPILER_APPICON_NAME = AppIcon;
				ASSETCATALOG_COMPILER_GLOBAL_ACCENT_COLOR_NAME = AccentColor;
				CODE_SIGN_ENTITLEMENTS = Memorize/Memorize.entitlements;
				CODE_SIGN_STYLE = Automatic;
				CURRENT_PROJECT_VERSION = 1;
				DEVELOPMENT_ASSET_PATHS = "\"Memorize/Preview Content\"";
				DEVELOPMENT_TEAM = SC29G87YTT;
				ENABLE_PREVIEWS = YES;
				GENERATE_INFOPLIST_FILE = YES;
				"INFOPLIST_KEY_UIApplicationSceneManifest_Generation[sdk=iphoneos*]" = YES;
				"INFOPLIST_KEY_UIApplicationSceneManifest_Generation[sdk=iphonesimulator*]" = YES;
				"INFOPLIST_KEY_UIApplicationSupportsIndirectInputEvents[sdk=iphoneos*]" = YES;
				"INFOPLIST_KEY_UIApplicationSupportsIndirectInputEvents[sdk=iphonesimulator*]" = YES;
				"INFOPLIST_KEY_UILaunchScreen_Generation[sdk=iphoneos*]" = YES;
				"INFOPLIST_KEY_UILaunchScreen_Generation[sdk=iphonesimulator*]" = YES;
				"INFOPLIST_KEY_UIStatusBarStyle[sdk=iphoneos*]" = UIStatusBarStyleDefault;
				"INFOPLIST_KEY_UIStatusBarStyle[sdk=iphonesimulator*]" = UIStatusBarStyleDefault;
				INFOPLIST_KEY_UISupportedInterfaceOrientations_iPad = "UIInterfaceOrientationPortrait UIInterfaceOrientationPortraitUpsideDown UIInterfaceOrientationLandscapeLeft UIInterfaceOrientationLandscapeRight";
				INFOPLIST_KEY_UISupportedInterfaceOrientations_iPhone = "UIInterfaceOrientationPortrait UIInterfaceOrientationLandscapeLeft UIInterfaceOrientationLandscapeRight";
				IPHONEOS_DEPLOYMENT_TARGET = 17.0;
				LD_RUNPATH_SEARCH_PATHS = "@executable_path/Frameworks";
				"LD_RUNPATH_SEARCH_PATHS[sdk=macosx*]" = "@executable_path/../Frameworks";
				MACOSX_DEPLOYMENT_TARGET = 14.0;
				MARKETING_VERSION = 1.0;
				PRODUCT_BUNDLE_IDENTIFIER = "com.example.apple-samplecode.Memorize1";
				PRODUCT_NAME = "$(TARGET_NAME)";
				SDKROOT = auto;
				SUPPORTED_PLATFORMS = "iphoneos iphonesimulator macosx";
				SWIFT_EMIT_LOC_STRINGS = YES;
				SWIFT_VERSION = 5.0;
				TARGETED_DEVICE_FAMILY = "1,2";
			};
			name = Debug;
		};
		6318C8772B17B984002C5803 /* Release */ = {
			isa = XCBuildConfiguration;
			buildSettings = {
				ASSETCATALOG_COMPILER_APPICON_NAME = AppIcon;
				ASSETCATALOG_COMPILER_GLOBAL_ACCENT_COLOR_NAME = AccentColor;
				CODE_SIGN_ENTITLEMENTS = Memorize/Memorize.entitlements;
				CODE_SIGN_STYLE = Automatic;
				CURRENT_PROJECT_VERSION = 1;
				DEVELOPMENT_ASSET_PATHS = "\"Memorize/Preview Content\"";
				DEVELOPMENT_TEAM = SC29G87YTT;
				ENABLE_PREVIEWS = YES;
				GENERATE_INFOPLIST_FILE = YES;
				"INFOPLIST_KEY_UIApplicationSceneManifest_Generation[sdk=iphoneos*]" = YES;
				"INFOPLIST_KEY_UIApplicationSceneManifest_Generation[sdk=iphonesimulator*]" = YES;
				"INFOPLIST_KEY_UIApplicationSupportsIndirectInputEvents[sdk=iphoneos*]" = YES;
				"INFOPLIST_KEY_UIApplicationSupportsIndirectInputEvents[sdk=iphonesimulator*]" = YES;
				"INFOPLIST_KEY_UILaunchScreen_Generation[sdk=iphoneos*]" = YES;
				"INFOPLIST_KEY_UILaunchScreen_Generation[sdk=iphonesimulator*]" = YES;
				"INFOPLIST_KEY_UIStatusBarStyle[sdk=iphoneos*]" = UIStatusBarStyleDefault;
				"INFOPLIST_KEY_UIStatusBarStyle[sdk=iphonesimulator*]" = UIStatusBarStyleDefault;
				INFOPLIST_KEY_UISupportedInterfaceOrientations_iPad = "UIInterfaceOrientationPortrait UIInterfaceOrientationPortraitUpsideDown UIInterfaceOrientationLandscapeLeft UIInterfaceOrientationLandscapeRight";
				INFOPLIST_KEY_UISupportedInterfaceOrientations_iPhone = "UIInterfaceOrientationPortrait UIInterfaceOrientationLandscapeLeft UIInterfaceOrientationLandscapeRight";
				IPHONEOS_DEPLOYMENT_TARGET = 17.0;
				LD_RUNPATH_SEARCH_PATHS = "@executable_path/Frameworks";
				"LD_RUNPATH_SEARCH_PATHS[sdk=macosx*]" = "@executable_path/../Frameworks";
				MACOSX_DEPLOYMENT_TARGET = 14.0;
				MARKETING_VERSION = 1.0;
				PRODUCT_BUNDLE_IDENTIFIER = "com.example.apple-samplecode.Memorize1";
				PRODUCT_NAME = "$(TARGET_NAME)";
				SDKROOT = auto;
				SUPPORTED_PLATFORMS = "iphoneos iphonesimulator macosx";
				SWIFT_EMIT_LOC_STRINGS = YES;
				SWIFT_VERSION = 5.0;
				TARGETED_DEVICE_FAMILY = "1,2";
			};
			name = Release;
		};
		6318C8792B17B984002C5803 /* Debug */ = {
			isa = XCBuildConfiguration;
			buildSettings = {
				ALWAYS_EMBED_SWIFT_STANDARD_LIBRARIES = YES;
				BUNDLE_LOADER = "$(TEST_HOST)";
				CODE_SIGN_STYLE = Automatic;
				CURRENT_PROJECT_VERSION = 1;
				GENERATE_INFOPLIST_FILE = YES;
				IPHONEOS_DEPLOYMENT_TARGET = 17.0;
				MACOSX_DEPLOYMENT_TARGET = 14.0;
				MARKETING_VERSION = 1.0;
				PRODUCT_BUNDLE_IDENTIFIER = "com.example.apple-samplecode.MemorizeTests";
				PRODUCT_NAME = "$(TARGET_NAME)";
				SDKROOT = auto;
				SUPPORTED_PLATFORMS = "iphoneos iphonesimulator macosx";
				SWIFT_EMIT_LOC_STRINGS = NO;
				SWIFT_VERSION = 5.0;
				TARGETED_DEVICE_FAMILY = "1,2";
				TEST_HOST = "$(BUILT_PRODUCTS_DIR)/Memorize.app/$(BUNDLE_EXECUTABLE_FOLDER_PATH)/Memorize";
			};
			name = Debug;
		};
		6318C87A2B17B984002C5803 /* Release */ = {
			isa = XCBuildConfiguration;
			buildSettings = {
				ALWAYS_EMBED_SWIFT_STANDARD_LIBRARIES = YES;
				BUNDLE_LOADER = "$(TEST_HOST)";
				CODE_SIGN_STYLE = Automatic;
				CURRENT_PROJECT_VERSION = 1;
				GENERATE_INFOPLIST_FILE = YES;
				IPHONEOS_DEPLOYMENT_TARGET = 17.0;
				MACOSX_DEPLOYMENT_TARGET = 14.0;
				MARKETING_VERSION = 1.0;
				PRODUCT_BUNDLE_IDENTIFIER = "com.example.apple-samplecode.MemorizeTests";
				PRODUCT_NAME = "$(TARGET_NAME)";
				SDKROOT = auto;
				SUPPORTED_PLATFORMS = "iphoneos iphonesimulator macosx";
				SWIFT_EMIT_LOC_STRINGS = NO;
				SWIFT_VERSION = 5.0;
				TARGETED_DEVICE_FAMILY = "1,2";
				TEST_HOST = "$(BUILT_PRODUCTS_DIR)/Memorize.app/$(BUNDLE_EXECUTABLE_FOLDER_PATH)/Memorize";
			};
			name = Release;
		};
		6318C87C2B17B984002C5803 /* Debug */ = {
			isa = XCBuildConfiguration;
			buildSettings = {
				ALWAYS_EMBED_SWIFT_STANDARD_LIBRARIES = YES;
				CODE_SIGN_STYLE = Automatic;
				CURRENT_PROJECT_VERSION = 1;
				GENERATE_INFOPLIST_FILE = YES;
				IPHONEOS_DEPLOYMENT_TARGET = 17.0;
				MACOSX_DEPLOYMENT_TARGET = 14.0;
				MARKETING_VERSION = 1.0;
				PRODUCT_BUNDLE_IDENTIFIER = "com.example.apple-samplecode.MemorizeUITests";
				PRODUCT_NAME = "$(TARGET_NAME)";
				SDKROOT = auto;
				SUPPORTED_PLATFORMS = "iphoneos iphonesimulator macosx";
				SWIFT_EMIT_LOC_STRINGS = NO;
				SWIFT_VERSION = 5.0;
				TARGETED_DEVICE_FAMILY = "1,2";
				TEST_TARGET_NAME = Memorize;
			};
			name = Debug;
		};
		6318C87D2B17B984002C5803 /* Release */ = {
			isa = XCBuildConfiguration;
			buildSettings = {
				ALWAYS_EMBED_SWIFT_STANDARD_LIBRARIES = YES;
				CODE_SIGN_STYLE = Automatic;
				CURRENT_PROJECT_VERSION = 1;
				GENERATE_INFOPLIST_FILE = YES;
				IPHONEOS_DEPLOYMENT_TARGET = 17.0;
				MACOSX_DEPLOYMENT_TARGET = 14.0;
				MARKETING_VERSION = 1.0;
				PRODUCT_BUNDLE_IDENTIFIER = "com.example.apple-samplecode.MemorizeUITests";
				PRODUCT_NAME = "$(TARGET_NAME)";
				SDKROOT = auto;
				SUPPORTED_PLATFORMS = "iphoneos iphonesimulator macosx";
				SWIFT_EMIT_LOC_STRINGS = NO;
				SWIFT_VERSION = 5.0;
				TARGETED_DEVICE_FAMILY = "1,2";
				TEST_TARGET_NAME = Memorize;
			};
			name = Release;
		};
/* End XCBuildConfiguration section */

/* Begin XCConfigurationList section */
		6318C84B2B17B983002C5803 /* Build configuration list for PBXProject "Memorize" */ = {
			isa = XCConfigurationList;
			buildConfigurations = (
				6318C8732B17B984002C5803 /* Debug */,
				6318C8742B17B984002C5803 /* Release */,
			);
			defaultConfigurationIsVisible = 0;
			defaultConfigurationName = Release;
		};
		6318C8752B17B984002C5803 /* Build configuration list for PBXNativeTarget "Memorize" */ = {
			isa = XCConfigurationList;
			buildConfigurations = (
				6318C8762B17B984002C5803 /* Debug */,
				6318C8772B17B984002C5803 /* Release */,
			);
			defaultConfigurationIsVisible = 0;
			defaultConfigurationName = Release;
		};
		6318C8782B17B984002C5803 /* Build configuration list for PBXNativeTarget "MemorizeTests" */ = {
			isa = XCConfigurationList;
			buildConfigurations = (
				6318C8792B17B984002C5803 /* Debug */,
				6318C87A2B17B984002C5803 /* Release */,
			);
			defaultConfigurationIsVisible = 0;
			defaultConfigurationName = Release;
		};
		6318C87B2B17B984002C5803 /* Build configuration list for PBXNativeTarget "MemorizeUITests" */ = {
			isa = XCConfigurationList;
			buildConfigurations = (
				6318C87C2B17B984002C5803 /* Debug */,
				6318C87D2B17B984002C5803 /* Release */,
			);
			defaultConfigurationIsVisible = 0;
			defaultConfigurationName = Release;
		};
/* End XCConfigurationList section */
	};
	rootObject = 6318C8482B17B983002C5803 /* Project object */;
}
